
Microsoft Visual Studio Solution File, Format Version 12.00
# Visual Studio Version 16
VisualStudioVersion = 16.0.30011.22
MinimumVisualStudioVersion = 10.0.40219.1
Project("{FAE04EC0-301F-11D3-BF4B-00C04F79EFBC}") = "ASP.NET_BlackJack", "ASP.NET_BlackJack\ASP.NET_BlackJack.csproj", "{C450139B-FAFA-4720-8924-E6CD712DD6D6}"
EndProject
Global
	GlobalSection(SolutionConfigurationPlatforms) = preSolution
		Debug|Any CPU = Debug|Any CPU
		Release|Any CPU = Release|Any CPU
	EndGlobalSection
	GlobalSection(ProjectConfigurationPlatforms) = postSolution
		{C450139B-FAFA-4720-8924-E6CD712DD6D6}.Debug|Any CPU.ActiveCfg = Debug|Any CPU
		{C450139B-FAFA-4720-8924-E6CD712DD6D6}.Debug|Any CPU.Build.0 = Debug|Any CPU
		{C450139B-FAFA-4720-8924-E6CD712DD6D6}.Release|Any CPU.ActiveCfg = Release|Any CPU
		{C450139B-FAFA-4720-8924-E6CD712DD6D6}.Release|Any CPU.Build.0 = Release|Any CPU
	EndGlobalSection
	GlobalSection(SolutionProperties) = preSolution
		HideSolutionNode = FALSE
	EndGlobalSection
	GlobalSection(ExtensibilityGlobals) = postSolution
		SolutionGuid = {642A8B98-3724-4722-9854-35B9E5F9BBCE}
	EndGlobalSection
EndGlobal
